// !$*UTF8*$!
{
	archiveVersion = 1;
	classes = {
	};
	objectVersion = 56;
	objects = {

/* Begin PBXBuildFile section */
		2E03AD45295AEA6100FB5567 /* RoomCard.swift in Sources */ = {isa = PBXBuildFile; fileRef = 2E03AD44295AEA6100FB5567 /* RoomCard.swift */; };
		2E03AD47295B166A00FB5567 /* CatalogueView.swift in Sources */ = {isa = PBXBuildFile; fileRef = 2E03AD46295B166A00FB5567 /* CatalogueView.swift */; };
		2E03AD49295B25FB00FB5567 /* ProductsByCategoryView.swift in Sources */ = {isa = PBXBuildFile; fileRef = 2E03AD48295B25FB00FB5567 /* ProductsByCategoryView.swift */; };
		2E1F0D3A295EBB9C00C74244 /* ARViewContainer.swift in Sources */ = {isa = PBXBuildFile; fileRef = 2E1F0D39295EBB9C00C74244 /* ARViewContainer.swift */; };
		2E25CA3C2933776900CC29DC /* AppDelegate.swift in Sources */ = {isa = PBXBuildFile; fileRef = 2E25CA3B2933776900CC29DC /* AppDelegate.swift */; };
		2E25CA3E2933776900CC29DC /* ContentView.swift in Sources */ = {isa = PBXBuildFile; fileRef = 2E25CA3D2933776900CC29DC /* ContentView.swift */; };
		2E25CA402933776900CC29DC /* Experience.rcproject in Sources */ = {isa = PBXBuildFile; fileRef = 2E25CA3F2933776900CC29DC /* Experience.rcproject */; };
		2E25CA422933776B00CC29DC /* Assets.xcassets in Resources */ = {isa = PBXBuildFile; fileRef = 2E25CA412933776B00CC29DC /* Assets.xcassets */; };
		2E25CA452933776B00CC29DC /* Preview Assets.xcassets in Resources */ = {isa = PBXBuildFile; fileRef = 2E25CA442933776B00CC29DC /* Preview Assets.xcassets */; };
		2E25CA4F293377B300CC29DC /* desk3.usdz in Resources */ = {isa = PBXBuildFile; fileRef = 2E25CA4C293377B300CC29DC /* desk3.usdz */; };
		2E25CA50293377B300CC29DC /* BathroomDrawers.usdz in Resources */ = {isa = PBXBuildFile; fileRef = 2E25CA4D293377B300CC29DC /* BathroomDrawers.usdz */; };
		2E25CA51293377B300CC29DC /* Desk.usdz in Resources */ = {isa = PBXBuildFile; fileRef = 2E25CA4E293377B300CC29DC /* Desk.usdz */; };
		2E25CA542933781200CC29DC /* ProductView.swift in Sources */ = {isa = PBXBuildFile; fileRef = 2E25CA522933781200CC29DC /* ProductView.swift */; };
		2E25CA552933781200CC29DC /* TryOnView.swift in Sources */ = {isa = PBXBuildFile; fileRef = 2E25CA532933781200CC29DC /* TryOnView.swift */; };
		2E25CA592933781B00CC29DC /* HomeView.swift in Sources */ = {isa = PBXBuildFile; fileRef = 2E25CA562933781B00CC29DC /* HomeView.swift */; };
		2E25CA5A2933781B00CC29DC /* CartView.swift in Sources */ = {isa = PBXBuildFile; fileRef = 2E25CA572933781B00CC29DC /* CartView.swift */; };
		2E25CA5E29337BEE00CC29DC /* ThumbnailGenerator.swift in Sources */ = {isa = PBXBuildFile; fileRef = 2E25CA5D29337BEE00CC29DC /* ThumbnailGenerator.swift */; };
		2E25CA62293395F500CC29DC /* Furniture.swift in Sources */ = {isa = PBXBuildFile; fileRef = 2E25CA61293395F500CC29DC /* Furniture.swift */; };
		2E3510E7295C79DC0091F153 /* OrderBy.swift in Sources */ = {isa = PBXBuildFile; fileRef = 2E3510E6295C79DC0091F153 /* OrderBy.swift */; };
		2E3510E9295C80F80091F153 /* CardManager.swift in Sources */ = {isa = PBXBuildFile; fileRef = 2E3510E8295C80F80091F153 /* CardManager.swift */; };
		2E3510EB295D71920091F153 /* CardItemView.swift in Sources */ = {isa = PBXBuildFile; fileRef = 2E3510EA295D71920091F153 /* CardItemView.swift */; };
		2E3510ED295D9E060091F153 /* ProductsView.swift in Sources */ = {isa = PBXBuildFile; fileRef = 2E3510EC295D9E060091F153 /* ProductsView.swift */; };
		2E3510F1295DB4630091F153 /* FilterBy.swift in Sources */ = {isa = PBXBuildFile; fileRef = 2E3510F0295DB4630091F153 /* FilterBy.swift */; };
		2E575081295C358B00216A7C /* Category.swift in Sources */ = {isa = PBXBuildFile; fileRef = 2E575080295C358B00216A7C /* Category.swift */; };
		2E575083295C367D00216A7C /* RoomType.swift in Sources */ = {isa = PBXBuildFile; fileRef = 2E575082295C367D00216A7C /* RoomType.swift */; };
		2E575085295C372D00216A7C /* FurnitureBrand.swift in Sources */ = {isa = PBXBuildFile; fileRef = 2E575084295C372D00216A7C /* FurnitureBrand.swift */; };
		2E575087295C37D200216A7C /* FurnitureStyle.swift in Sources */ = {isa = PBXBuildFile; fileRef = 2E575086295C37D200216A7C /* FurnitureStyle.swift */; };
		2E5F4E452949C86700E345B7 /* FurnitureModel.swift in Sources */ = {isa = PBXBuildFile; fileRef = 2E5F4E442949C86700E345B7 /* FurnitureModel.swift */; };
		2E5F4E4A2949D27700E345B7 /* ARViewExtension.swift in Sources */ = {isa = PBXBuildFile; fileRef = 2E5F4E492949D27700E345B7 /* ARViewExtension.swift */; };
		82D23CD1E490ED5EDD5352A9 /* Pods_FurnitureAR.framework in Frameworks */ = {isa = PBXBuildFile; fileRef = EAE28DE965E8031D9C702745 /* Pods_FurnitureAR.framework */; };
/* End PBXBuildFile section */

/* Begin PBXFileReference section */
		17667B38200F70065426BEDC /* Pods-FurnitureAR.release.xcconfig */ = {isa = PBXFileReference; includeInIndex = 1; lastKnownFileType = text.xcconfig; name = "Pods-FurnitureAR.release.xcconfig"; path = "Target Support Files/Pods-FurnitureAR/Pods-FurnitureAR.release.xcconfig"; sourceTree = "<group>"; };
		2E03AD44295AEA6100FB5567 /* RoomCard.swift */ = {isa = PBXFileReference; lastKnownFileType = sourcecode.swift; path = RoomCard.swift; sourceTree = "<group>"; };
		2E03AD46295B166A00FB5567 /* CatalogueView.swift */ = {isa = PBXFileReference; lastKnownFileType = sourcecode.swift; path = CatalogueView.swift; sourceTree = "<group>"; };
		2E03AD48295B25FB00FB5567 /* ProductsByCategoryView.swift */ = {isa = PBXFileReference; lastKnownFileType = sourcecode.swift; path = ProductsByCategoryView.swift; sourceTree = "<group>"; };
		2E1F0D39295EBB9C00C74244 /* ARViewContainer.swift */ = {isa = PBXFileReference; lastKnownFileType = sourcecode.swift; path = ARViewContainer.swift; sourceTree = "<group>"; };
		2E25CA382933776900CC29DC /* FurnitureAR.app */ = {isa = PBXFileReference; explicitFileType = wrapper.application; includeInIndex = 0; path = FurnitureAR.app; sourceTree = BUILT_PRODUCTS_DIR; };
		2E25CA3B2933776900CC29DC /* AppDelegate.swift */ = {isa = PBXFileReference; lastKnownFileType = sourcecode.swift; path = AppDelegate.swift; sourceTree = "<group>"; };
		2E25CA3D2933776900CC29DC /* ContentView.swift */ = {isa = PBXFileReference; lastKnownFileType = sourcecode.swift; path = ContentView.swift; sourceTree = "<group>"; };
		2E25CA3F2933776900CC29DC /* Experience.rcproject */ = {isa = PBXFileReference; lastKnownFileType = file.rcproject; path = Experience.rcproject; sourceTree = "<group>"; };
		2E25CA412933776B00CC29DC /* Assets.xcassets */ = {isa = PBXFileReference; lastKnownFileType = folder.assetcatalog; path = Assets.xcassets; sourceTree = "<group>"; };
		2E25CA442933776B00CC29DC /* Preview Assets.xcassets */ = {isa = PBXFileReference; lastKnownFileType = folder.assetcatalog; path = "Preview Assets.xcassets"; sourceTree = "<group>"; };
		2E25CA4C293377B300CC29DC /* desk3.usdz */ = {isa = PBXFileReference; lastKnownFileType = file.usdz; path = desk3.usdz; sourceTree = "<group>"; };
		2E25CA4D293377B300CC29DC /* BathroomDrawers.usdz */ = {isa = PBXFileReference; lastKnownFileType = file.usdz; path = BathroomDrawers.usdz; sourceTree = "<group>"; };
		2E25CA4E293377B300CC29DC /* Desk.usdz */ = {isa = PBXFileReference; lastKnownFileType = file.usdz; path = Desk.usdz; sourceTree = "<group>"; };
		2E25CA522933781200CC29DC /* ProductView.swift */ = {isa = PBXFileReference; fileEncoding = 4; lastKnownFileType = sourcecode.swift; path = ProductView.swift; sourceTree = "<group>"; };
		2E25CA532933781200CC29DC /* TryOnView.swift */ = {isa = PBXFileReference; fileEncoding = 4; lastKnownFileType = sourcecode.swift; path = TryOnView.swift; sourceTree = "<group>"; };
		2E25CA562933781B00CC29DC /* HomeView.swift */ = {isa = PBXFileReference; fileEncoding = 4; lastKnownFileType = sourcecode.swift; path = HomeView.swift; sourceTree = "<group>"; };
		2E25CA572933781B00CC29DC /* CartView.swift */ = {isa = PBXFileReference; fileEncoding = 4; lastKnownFileType = sourcecode.swift; path = CartView.swift; sourceTree = "<group>"; };
		2E25CA5D29337BEE00CC29DC /* ThumbnailGenerator.swift */ = {isa = PBXFileReference; lastKnownFileType = sourcecode.swift; path = ThumbnailGenerator.swift; sourceTree = "<group>"; };
		2E25CA61293395F500CC29DC /* Furniture.swift */ = {isa = PBXFileReference; lastKnownFileType = sourcecode.swift; path = Furniture.swift; sourceTree = "<group>"; };
		2E3510E6295C79DC0091F153 /* OrderBy.swift */ = {isa = PBXFileReference; lastKnownFileType = sourcecode.swift; path = OrderBy.swift; sourceTree = "<group>"; };
		2E3510E8295C80F80091F153 /* CardManager.swift */ = {isa = PBXFileReference; lastKnownFileType = sourcecode.swift; path = CardManager.swift; sourceTree = "<group>"; };
		2E3510EA295D71920091F153 /* CardItemView.swift */ = {isa = PBXFileReference; lastKnownFileType = sourcecode.swift; path = CardItemView.swift; sourceTree = "<group>"; };
		2E3510EC295D9E060091F153 /* ProductsView.swift */ = {isa = PBXFileReference; lastKnownFileType = sourcecode.swift; path = ProductsView.swift; sourceTree = "<group>"; };
		2E3510F0295DB4630091F153 /* FilterBy.swift */ = {isa = PBXFileReference; lastKnownFileType = sourcecode.swift; path = FilterBy.swift; sourceTree = "<group>"; };
		2E575080295C358B00216A7C /* Category.swift */ = {isa = PBXFileReference; lastKnownFileType = sourcecode.swift; path = Category.swift; sourceTree = "<group>"; };
		2E575082295C367D00216A7C /* RoomType.swift */ = {isa = PBXFileReference; lastKnownFileType = sourcecode.swift; path = RoomType.swift; sourceTree = "<group>"; };
		2E575084295C372D00216A7C /* FurnitureBrand.swift */ = {isa = PBXFileReference; lastKnownFileType = sourcecode.swift; path = FurnitureBrand.swift; sourceTree = "<group>"; };
		2E575086295C37D200216A7C /* FurnitureStyle.swift */ = {isa = PBXFileReference; lastKnownFileType = sourcecode.swift; path = FurnitureStyle.swift; sourceTree = "<group>"; };
		2E5F4E442949C86700E345B7 /* FurnitureModel.swift */ = {isa = PBXFileReference; lastKnownFileType = sourcecode.swift; path = FurnitureModel.swift; sourceTree = "<group>"; };
		2E5F4E492949D27700E345B7 /* ARViewExtension.swift */ = {isa = PBXFileReference; lastKnownFileType = sourcecode.swift; path = ARViewExtension.swift; sourceTree = "<group>"; };
		40EAED6EDA5767C835B06410 /* Pods-FurnitureAR.debug.xcconfig */ = {isa = PBXFileReference; includeInIndex = 1; lastKnownFileType = text.xcconfig; name = "Pods-FurnitureAR.debug.xcconfig"; path = "Target Support Files/Pods-FurnitureAR/Pods-FurnitureAR.debug.xcconfig"; sourceTree = "<group>"; };
		EAE28DE965E8031D9C702745 /* Pods_FurnitureAR.framework */ = {isa = PBXFileReference; explicitFileType = wrapper.framework; includeInIndex = 0; path = Pods_FurnitureAR.framework; sourceTree = BUILT_PRODUCTS_DIR; };
/* End PBXFileReference section */

/* Begin PBXFrameworksBuildPhase section */
		2E25CA352933776900CC29DC /* Frameworks */ = {
			isa = PBXFrameworksBuildPhase;
			buildActionMask = 2147483647;
			files = (
				82D23CD1E490ED5EDD5352A9 /* Pods_FurnitureAR.framework in Frameworks */,
			);
			runOnlyForDeploymentPostprocessing = 0;
		};
/* End PBXFrameworksBuildPhase section */

/* Begin PBXGroup section */
		2E25CA2F2933776900CC29DC = {
			isa = PBXGroup;
			children = (
				2E25CA3A2933776900CC29DC /* FurnitureAR */,
				2E25CA392933776900CC29DC /* Products */,
				2EA06BA17361BAD4C853A3AB /* Pods */,
				8CF661787961934DF4050C98 /* Frameworks */,
			);
			sourceTree = "<group>";
		};
		2E25CA392933776900CC29DC /* Products */ = {
			isa = PBXGroup;
			children = (
				2E25CA382933776900CC29DC /* FurnitureAR.app */,
			);
			name = Products;
			sourceTree = "<group>";
		};
		2E25CA3A2933776900CC29DC /* FurnitureAR */ = {
			isa = PBXGroup;
			children = (
				2E5F4E482949D25500E345B7 /* Extension */,
				2E5F4E462949D1F100E345B7 /* Model */,
				2E25CA5C29337A1C00CC29DC /* Views */,
				2E25CA4B293377B300CC29DC /* FurnitureFiles */,
				2E25CA412933776B00CC29DC /* Assets.xcassets */,
				2E5F4E472949D22300E345B7 /* App */,
				2E25CA432933776B00CC29DC /* Preview Content */,
			);
			path = FurnitureAR;
			sourceTree = "<group>";
		};
		2E25CA432933776B00CC29DC /* Preview Content */ = {
			isa = PBXGroup;
			children = (
				2E25CA442933776B00CC29DC /* Preview Assets.xcassets */,
			);
			path = "Preview Content";
			sourceTree = "<group>";
		};
		2E25CA4B293377B300CC29DC /* FurnitureFiles */ = {
			isa = PBXGroup;
			children = (
				2E25CA4C293377B300CC29DC /* desk3.usdz */,
				2E25CA4D293377B300CC29DC /* BathroomDrawers.usdz */,
				2E25CA4E293377B300CC29DC /* Desk.usdz */,
			);
			path = FurnitureFiles;
			sourceTree = "<group>";
		};
		2E25CA5C29337A1C00CC29DC /* Views */ = {
			isa = PBXGroup;
			children = (
				2E25CA3D2933776900CC29DC /* ContentView.swift */,
				2E25CA572933781B00CC29DC /* CartView.swift */,
				2E25CA562933781B00CC29DC /* HomeView.swift */,
				2E25CA522933781200CC29DC /* ProductView.swift */,
				2E25CA532933781200CC29DC /* TryOnView.swift */,
				2E03AD44295AEA6100FB5567 /* RoomCard.swift */,
				2E03AD46295B166A00FB5567 /* CatalogueView.swift */,
				2E03AD48295B25FB00FB5567 /* ProductsByCategoryView.swift */,
				2E3510EA295D71920091F153 /* CardItemView.swift */,
				2E3510EC295D9E060091F153 /* ProductsView.swift */,
				2E1F0D39295EBB9C00C74244 /* ARViewContainer.swift */,
			);
			path = Views;
			sourceTree = "<group>";
		};
		2E5F4E462949D1F100E345B7 /* Model */ = {
			isa = PBXGroup;
			children = (
				2E25CA5D29337BEE00CC29DC /* ThumbnailGenerator.swift */,
				2E5F4E442949C86700E345B7 /* FurnitureModel.swift */,
				2E25CA61293395F500CC29DC /* Furniture.swift */,
				2E575080295C358B00216A7C /* Category.swift */,
				2E575082295C367D00216A7C /* RoomType.swift */,
				2E575084295C372D00216A7C /* FurnitureBrand.swift */,
				2E575086295C37D200216A7C /* FurnitureStyle.swift */,
				2E3510E6295C79DC0091F153 /* OrderBy.swift */,
				2E3510E8295C80F80091F153 /* CardManager.swift */,
				2E3510F0295DB4630091F153 /* FilterBy.swift */,
			);
			path = Model;
			sourceTree = "<group>";
		};
		2E5F4E472949D22300E345B7 /* App */ = {
			isa = PBXGroup;
			children = (
				2E25CA3F2933776900CC29DC /* Experience.rcproject */,
				2E25CA3B2933776900CC29DC /* AppDelegate.swift */,
			);
			path = App;
			sourceTree = "<group>";
		};
		2E5F4E482949D25500E345B7 /* Extension */ = {
			isa = PBXGroup;
			children = (
				2E5F4E492949D27700E345B7 /* ARViewExtension.swift */,
			);
			path = Extension;
			sourceTree = "<group>";
		};
		2EA06BA17361BAD4C853A3AB /* Pods */ = {
			isa = PBXGroup;
			children = (
				40EAED6EDA5767C835B06410 /* Pods-FurnitureAR.debug.xcconfig */,
				17667B38200F70065426BEDC /* Pods-FurnitureAR.release.xcconfig */,
			);
			path = Pods;
			sourceTree = "<group>";
		};
		8CF661787961934DF4050C98 /* Frameworks */ = {
			isa = PBXGroup;
			children = (
				EAE28DE965E8031D9C702745 /* Pods_FurnitureAR.framework */,
			);
			name = Frameworks;
			sourceTree = "<group>";
		};
/* End PBXGroup section */

/* Begin PBXNativeTarget section */
		2E25CA372933776900CC29DC /* FurnitureAR */ = {
			isa = PBXNativeTarget;
			buildConfigurationList = 2E25CA482933776B00CC29DC /* Build configuration list for PBXNativeTarget "FurnitureAR" */;
			buildPhases = (
				5D65F3236E0256F09026B59E /* [CP] Check Pods Manifest.lock */,
				2E25CA342933776900CC29DC /* Sources */,
				2E25CA352933776900CC29DC /* Frameworks */,
				2E25CA362933776900CC29DC /* Resources */,
				2E03AD43295AD95800FB5567 /* ShellScript */,
			);
			buildRules = (
			);
			dependencies = (
			);
			name = FurnitureAR;
			productName = FurnitureAR;
			productReference = 2E25CA382933776900CC29DC /* FurnitureAR.app */;
			productType = "com.apple.product-type.application";
		};
/* End PBXNativeTarget section */

/* Begin PBXProject section */
		2E25CA302933776900CC29DC /* Project object */ = {
			isa = PBXProject;
			attributes = {
				BuildIndependentTargetsInParallel = 1;
				LastSwiftUpdateCheck = 1410;
				LastUpgradeCheck = 1410;
				TargetAttributes = {
					2E25CA372933776900CC29DC = {
						CreatedOnToolsVersion = 14.1;
					};
				};
			};
			buildConfigurationList = 2E25CA332933776900CC29DC /* Build configuration list for PBXProject "FurnitureAR" */;
			compatibilityVersion = "Xcode 14.0";
			developmentRegion = en;
			hasScannedForEncodings = 0;
			knownRegions = (
				en,
				Base,
			);
			mainGroup = 2E25CA2F2933776900CC29DC;
			productRefGroup = 2E25CA392933776900CC29DC /* Products */;
			projectDirPath = "";
			projectRoot = "";
			targets = (
				2E25CA372933776900CC29DC /* FurnitureAR */,
			);
		};
/* End PBXProject section */

/* Begin PBXResourcesBuildPhase section */
		2E25CA362933776900CC29DC /* Resources */ = {
			isa = PBXResourcesBuildPhase;
			buildActionMask = 2147483647;
			files = (
				2E25CA50293377B300CC29DC /* BathroomDrawers.usdz in Resources */,
				2E25CA452933776B00CC29DC /* Preview Assets.xcassets in Resources */,
				2E25CA4F293377B300CC29DC /* desk3.usdz in Resources */,
				2E25CA422933776B00CC29DC /* Assets.xcassets in Resources */,
				2E25CA51293377B300CC29DC /* Desk.usdz in Resources */,
			);
			runOnlyForDeploymentPostprocessing = 0;
		};
/* End PBXResourcesBuildPhase section */

/* Begin PBXShellScriptBuildPhase section */
		2E03AD43295AD95800FB5567 /* ShellScript */ = {
			isa = PBXShellScriptBuildPhase;
			buildActionMask = 2147483647;
			files = (
			);
			inputFileListPaths = (
			);
			inputPaths = (
			);
			outputFileListPaths = (
			);
			outputPaths = (
			);
			runOnlyForDeploymentPostprocessing = 0;
			shellPath = /bin/sh;
			shellScript = "if which \"${PODS_ROOT}/SwiftLint/swiftlint\" >/dev/null; then\n    ${PODS_ROOT}/SwiftLint/swiftlint\nelse\n    echo \"warning: SwiftLint not\"\nfi\n";
		};
		5D65F3236E0256F09026B59E /* [CP] Check Pods Manifest.lock */ = {
			isa = PBXShellScriptBuildPhase;
			buildActionMask = 2147483647;
			files = (
			);
			inputFileListPaths = (
			);
			inputPaths = (
				"${PODS_PODFILE_DIR_PATH}/Podfile.lock",
				"${PODS_ROOT}/Manifest.lock",
			);
			name = "[CP] Check Pods Manifest.lock";
			outputFileListPaths = (
			);
			outputPaths = (
				"$(DERIVED_FILE_DIR)/Pods-FurnitureAR-checkManifestLockResult.txt",
			);
			runOnlyForDeploymentPostprocessing = 0;
			shellPath = /bin/sh;
			shellScript = "diff \"${PODS_PODFILE_DIR_PATH}/Podfile.lock\" \"${PODS_ROOT}/Manifest.lock\" > /dev/null\nif [ $? != 0 ] ; then\n    # print error to STDERR\n    echo \"error: The sandbox is not in sync with the Podfile.lock. Run 'pod install' or update your CocoaPods installation.\" >&2\n    exit 1\nfi\n# This output is used by Xcode 'outputs' to avoid re-running this script phase.\necho \"SUCCESS\" > \"${SCRIPT_OUTPUT_FILE_0}\"\n";
			showEnvVarsInLog = 0;
		};
/* End PBXShellScriptBuildPhase section */

/* Begin PBXSourcesBuildPhase section */
		2E25CA342933776900CC29DC /* Sources */ = {
			isa = PBXSourcesBuildPhase;
			buildActionMask = 2147483647;
			files = (
				2E25CA542933781200CC29DC /* ProductView.swift in Sources */,
				2E25CA5A2933781B00CC29DC /* CartView.swift in Sources */,
				2E575083295C367D00216A7C /* RoomType.swift in Sources */,
				2E3510E7295C79DC0091F153 /* OrderBy.swift in Sources */,
				2E575081295C358B00216A7C /* Category.swift in Sources */,
				2E25CA552933781200CC29DC /* TryOnView.swift in Sources */,
				2E3510ED295D9E060091F153 /* ProductsView.swift in Sources */,
				2E03AD49295B25FB00FB5567 /* ProductsByCategoryView.swift in Sources */,
				2E3510F1295DB4630091F153 /* FilterBy.swift in Sources */,
				2E5F4E4A2949D27700E345B7 /* ARViewExtension.swift in Sources */,
				2E3510EB295D71920091F153 /* CardItemView.swift in Sources */,
				2E03AD45295AEA6100FB5567 /* RoomCard.swift in Sources */,
				2E3510E9295C80F80091F153 /* CardManager.swift in Sources */,
				2E575087295C37D200216A7C /* FurnitureStyle.swift in Sources */,
				2E03AD47295B166A00FB5567 /* CatalogueView.swift in Sources */,
				2E5F4E452949C86700E345B7 /* FurnitureModel.swift in Sources */,
				2E575085295C372D00216A7C /* FurnitureBrand.swift in Sources */,
				2E1F0D3A295EBB9C00C74244 /* ARViewContainer.swift in Sources */,
				2E25CA592933781B00CC29DC /* HomeView.swift in Sources */,
				2E25CA3E2933776900CC29DC /* ContentView.swift in Sources */,
				2E25CA5E29337BEE00CC29DC /* ThumbnailGenerator.swift in Sources */,
				2E25CA3C2933776900CC29DC /* AppDelegate.swift in Sources */,
				2E25CA62293395F500CC29DC /* Furniture.swift in Sources */,
				2E25CA402933776900CC29DC /* Experience.rcproject in Sources */,
			);
			runOnlyForDeploymentPostprocessing = 0;
		};
/* End PBXSourcesBuildPhase section */

/* Begin XCBuildConfiguration section */
		2E25CA462933776B00CC29DC /* Debug */ = {
			isa = XCBuildConfiguration;
			buildSettings = {
				ALWAYS_SEARCH_USER_PATHS = NO;
				CLANG_ANALYZER_NONNULL = YES;
				CLANG_ANALYZER_NUMBER_OBJECT_CONVERSION = YES_AGGRESSIVE;
				CLANG_CXX_LANGUAGE_STANDARD = "gnu++20";
				CLANG_ENABLE_MODULES = YES;
				CLANG_ENABLE_OBJC_ARC = YES;
				CLANG_ENABLE_OBJC_WEAK = YES;
				CLANG_WARN_BLOCK_CAPTURE_AUTORELEASING = YES;
				CLANG_WARN_BOOL_CONVERSION = YES;
				CLANG_WARN_COMMA = YES;
				CLANG_WARN_CONSTANT_CONVERSION = YES;
				CLANG_WARN_DEPRECATED_OBJC_IMPLEMENTATIONS = YES;
				CLANG_WARN_DIRECT_OBJC_ISA_USAGE = YES_ERROR;
				CLANG_WARN_DOCUMENTATION_COMMENTS = YES;
				CLANG_WARN_EMPTY_BODY = YES;
				CLANG_WARN_ENUM_CONVERSION = YES;
				CLANG_WARN_INFINITE_RECURSION = YES;
				CLANG_WARN_INT_CONVERSION = YES;
				CLANG_WARN_NON_LITERAL_NULL_CONVERSION = YES;
				CLANG_WARN_OBJC_IMPLICIT_RETAIN_SELF = YES;
				CLANG_WARN_OBJC_LITERAL_CONVERSION = YES;
				CLANG_WARN_OBJC_ROOT_CLASS = YES_ERROR;
				CLANG_WARN_QUOTED_INCLUDE_IN_FRAMEWORK_HEADER = YES;
				CLANG_WARN_RANGE_LOOP_ANALYSIS = YES;
				CLANG_WARN_STRICT_PROTOTYPES = YES;
				CLANG_WARN_SUSPICIOUS_MOVE = YES;
				CLANG_WARN_UNGUARDED_AVAILABILITY = YES_AGGRESSIVE;
				CLANG_WARN_UNREACHABLE_CODE = YES;
				CLANG_WARN__DUPLICATE_METHOD_MATCH = YES;
				COPY_PHASE_STRIP = NO;
				DEBUG_INFORMATION_FORMAT = dwarf;
				ENABLE_STRICT_OBJC_MSGSEND = YES;
				ENABLE_TESTABILITY = YES;
				GCC_C_LANGUAGE_STANDARD = gnu11;
				GCC_DYNAMIC_NO_PIC = NO;
				GCC_NO_COMMON_BLOCKS = YES;
				GCC_OPTIMIZATION_LEVEL = 0;
				GCC_PREPROCESSOR_DEFINITIONS = (
					"DEBUG=1",
					"$(inherited)",
				);
				GCC_WARN_64_TO_32_BIT_CONVERSION = YES;
				GCC_WARN_ABOUT_RETURN_TYPE = YES_ERROR;
				GCC_WARN_UNDECLARED_SELECTOR = YES;
				GCC_WARN_UNINITIALIZED_AUTOS = YES_AGGRESSIVE;
				GCC_WARN_UNUSED_FUNCTION = YES;
				GCC_WARN_UNUSED_VARIABLE = YES;
				IPHONEOS_DEPLOYMENT_TARGET = 16.1;
				MTL_ENABLE_DEBUG_INFO = INCLUDE_SOURCE;
				MTL_FAST_MATH = YES;
				ONLY_ACTIVE_ARCH = YES;
				SDKROOT = iphoneos;
				SWIFT_ACTIVE_COMPILATION_CONDITIONS = DEBUG;
				SWIFT_OPTIMIZATION_LEVEL = "-Onone";
			};
			name = Debug;
		};
		2E25CA472933776B00CC29DC /* Release */ = {
			isa = XCBuildConfiguration;
			buildSettings = {
				ALWAYS_SEARCH_USER_PATHS = NO;
				CLANG_ANALYZER_NONNULL = YES;
				CLANG_ANALYZER_NUMBER_OBJECT_CONVERSION = YES_AGGRESSIVE;
				CLANG_CXX_LANGUAGE_STANDARD = "gnu++20";
				CLANG_ENABLE_MODULES = YES;
				CLANG_ENABLE_OBJC_ARC = YES;
				CLANG_ENABLE_OBJC_WEAK = YES;
				CLANG_WARN_BLOCK_CAPTURE_AUTORELEASING = YES;
				CLANG_WARN_BOOL_CONVERSION = YES;
				CLANG_WARN_COMMA = YES;
				CLANG_WARN_CONSTANT_CONVERSION = YES;
				CLANG_WARN_DEPRECATED_OBJC_IMPLEMENTATIONS = YES;
				CLANG_WARN_DIRECT_OBJC_ISA_USAGE = YES_ERROR;
				CLANG_WARN_DOCUMENTATION_COMMENTS = YES;
				CLANG_WARN_EMPTY_BODY = YES;
				CLANG_WARN_ENUM_CONVERSION = YES;
				CLANG_WARN_INFINITE_RECURSION = YES;
				CLANG_WARN_INT_CONVERSION = YES;
				CLANG_WARN_NON_LITERAL_NULL_CONVERSION = YES;
				CLANG_WARN_OBJC_IMPLICIT_RETAIN_SELF = YES;
				CLANG_WARN_OBJC_LITERAL_CONVERSION = YES;
				CLANG_WARN_OBJC_ROOT_CLASS = YES_ERROR;
				CLANG_WARN_QUOTED_INCLUDE_IN_FRAMEWORK_HEADER = YES;
				CLANG_WARN_RANGE_LOOP_ANALYSIS = YES;
				CLANG_WARN_STRICT_PROTOTYPES = YES;
				CLANG_WARN_SUSPICIOUS_MOVE = YES;
				CLANG_WARN_UNGUARDED_AVAILABILITY = YES_AGGRESSIVE;
				CLANG_WARN_UNREACHABLE_CODE = YES;
				CLANG_WARN__DUPLICATE_METHOD_MATCH = YES;
				COPY_PHASE_STRIP = NO;
				DEBUG_INFORMATION_FORMAT = "dwarf-with-dsym";
				ENABLE_NS_ASSERTIONS = NO;
				ENABLE_STRICT_OBJC_MSGSEND = YES;
				GCC_C_LANGUAGE_STANDARD = gnu11;
				GCC_NO_COMMON_BLOCKS = YES;
				GCC_WARN_64_TO_32_BIT_CONVERSION = YES;
				GCC_WARN_ABOUT_RETURN_TYPE = YES_ERROR;
				GCC_WARN_UNDECLARED_SELECTOR = YES;
				GCC_WARN_UNINITIALIZED_AUTOS = YES_AGGRESSIVE;
				GCC_WARN_UNUSED_FUNCTION = YES;
				GCC_WARN_UNUSED_VARIABLE = YES;
				IPHONEOS_DEPLOYMENT_TARGET = 16.1;
				MTL_ENABLE_DEBUG_INFO = NO;
				MTL_FAST_MATH = YES;
				SDKROOT = iphoneos;
				SWIFT_COMPILATION_MODE = wholemodule;
				SWIFT_OPTIMIZATION_LEVEL = "-O";
				VALIDATE_PRODUCT = YES;
			};
			name = Release;
		};
		2E25CA492933776B00CC29DC /* Debug */ = {
			isa = XCBuildConfiguration;
			baseConfigurationReference = 40EAED6EDA5767C835B06410 /* Pods-FurnitureAR.debug.xcconfig */;
			buildSettings = {
				ASSETCATALOG_COMPILER_APPICON_NAME = AppIcon;
				ASSETCATALOG_COMPILER_GLOBAL_ACCENT_COLOR_NAME = AccentColor;
				CODE_SIGN_STYLE = Automatic;
				CURRENT_PROJECT_VERSION = 1;
				DEVELOPMENT_ASSET_PATHS = "\"FurnitureAR/Preview Content\"";
				DEVELOPMENT_TEAM = 2X7QCM3SWG;
				ENABLE_PREVIEWS = YES;
				GENERATE_INFOPLIST_FILE = YES;
				INFOPLIST_KEY_NSCameraUsageDescription = "";
				INFOPLIST_KEY_UIApplicationSupportsIndirectInputEvents = YES;
				INFOPLIST_KEY_UILaunchScreen_Generation = YES;
				INFOPLIST_KEY_UIRequiredDeviceCapabilities = arkit;
				INFOPLIST_KEY_UIStatusBarHidden = YES;
				INFOPLIST_KEY_UISupportedInterfaceOrientations_iPad = "UIInterfaceOrientationPortrait UIInterfaceOrientationPortraitUpsideDown UIInterfaceOrientationLandscapeLeft UIInterfaceOrientationLandscapeRight";
				INFOPLIST_KEY_UISupportedInterfaceOrientations_iPhone = "UIInterfaceOrientationPortrait UIInterfaceOrientationLandscapeLeft UIInterfaceOrientationLandscapeRight";
				LD_RUNPATH_SEARCH_PATHS = (
					"$(inherited)",
					"@executable_path/Frameworks",
				);
				MARKETING_VERSION = 1.0;
				PRODUCT_BUNDLE_IDENTIFIER = com.example.FurnitureAR;
				PRODUCT_NAME = "$(TARGET_NAME)";
				SWIFT_EMIT_LOC_STRINGS = YES;
				SWIFT_VERSION = 5.0;
				TARGETED_DEVICE_FAMILY = "1,2";
			};
			name = Debug;
		};
		2E25CA4A2933776B00CC29DC /* Release */ = {
			isa = XCBuildConfiguration;
			baseConfigurationReference = 17667B38200F70065426BEDC /* Pods-FurnitureAR.release.xcconfig */;
			buildSettings = {
				ASSETCATALOG_COMPILER_APPICON_NAME = AppIcon;
				ASSETCATALOG_COMPILER_GLOBAL_ACCENT_COLOR_NAME = AccentColor;
				CODE_SIGN_STYLE = Automatic;
				CURRENT_PROJECT_VERSION = 1;
				DEVELOPMENT_ASSET_PATHS = "\"FurnitureAR/Preview Content\"";
				DEVELOPMENT_TEAM = 2X7QCM3SWG;
				ENABLE_PREVIEWS = YES;
				GENERATE_INFOPLIST_FILE = YES;
				INFOPLIST_KEY_NSCameraUsageDescription = "";
				INFOPLIST_KEY_UIApplicationSupportsIndirectInputEvents = YES;
				INFOPLIST_KEY_UILaunchScreen_Generation = YES;
				INFOPLIST_KEY_UIRequiredDeviceCapabilities = arkit;
				INFOPLIST_KEY_UIStatusBarHidden = YES;
				INFOPLIST_KEY_UISupportedInterfaceOrientations_iPad = "UIInterfaceOrientationPortrait UIInterfaceOrientationPortraitUpsideDown UIInterfaceOrientationLandscapeLeft UIInterfaceOrientationLandscapeRight";
				INFOPLIST_KEY_UISupportedInterfaceOrientations_iPhone = "UIInterfaceOrientationPortrait UIInterfaceOrientationLandscapeLeft UIInterfaceOrientationLandscapeRight";
				LD_RUNPATH_SEARCH_PATHS = (
					"$(inherited)",
					"@executable_path/Frameworks",
				);
				MARKETING_VERSION = 1.0;
				PRODUCT_BUNDLE_IDENTIFIER = com.example.FurnitureAR;
				PRODUCT_NAME = "$(TARGET_NAME)";
				SWIFT_EMIT_LOC_STRINGS = YES;
				SWIFT_VERSION = 5.0;
				TARGETED_DEVICE_FAMILY = "1,2";
			};
			name = Release;
		};
/* End XCBuildConfiguration section */

/* Begin XCConfigurationList section */
		2E25CA332933776900CC29DC /* Build configuration list for PBXProject "FurnitureAR" */ = {
			isa = XCConfigurationList;
			buildConfigurations = (
				2E25CA462933776B00CC29DC /* Debug */,
				2E25CA472933776B00CC29DC /* Release */,
			);
			defaultConfigurationIsVisible = 0;
			defaultConfigurationName = Release;
		};
		2E25CA482933776B00CC29DC /* Build configuration list for PBXNativeTarget "FurnitureAR" */ = {
			isa = XCConfigurationList;
			buildConfigurations = (
				2E25CA492933776B00CC29DC /* Debug */,
				2E25CA4A2933776B00CC29DC /* Release */,
			);
			defaultConfigurationIsVisible = 0;
			defaultConfigurationName = Release;
		};
/* End XCConfigurationList section */
	};
	rootObject = 2E25CA302933776900CC29DC /* Project object */;
}
